
Microsoft Visual Studio Solution File, Format Version 12.00
# Visual Studio Version 17
VisualStudioVersion = 17.2.32519.379
MinimumVisualStudioVersion = 10.0.40219.1
Project("{9A19103F-16F7-4668-BE54-9A1E7A4F7556}") = "FinancialServicesAPI", "Questao5\FinancialServicesAPI.csproj", "{7B665AB7-6063-4EA5-A851-E41DBBE01242}"
EndProject
Global
	GlobalSection(SolutionConfigurationPlatforms) = preSolution
		Debug|Any CPU = Debug|Any CPU
		Release|Any CPU = Release|Any CPU
	EndGlobalSection
	GlobalSection(ProjectConfigurationPlatforms) = postSolution
		{7B665AB7-6063-4EA5-A851-E41DBBE01242}.Debug|Any CPU.ActiveCfg = Debug|Any CPU
		{7B665AB7-6063-4EA5-A851-E41DBBE01242}.Debug|Any CPU.Build.0 = Debug|Any CPU
		{7B665AB7-6063-4EA5-A851-E41DBBE01242}.Release|Any CPU.ActiveCfg = Release|Any CPU
		{7B665AB7-6063-4EA5-A851-E41DBBE01242}.Release|Any CPU.Build.0 = Release|Any CPU
	EndGlobalSection
	GlobalSection(SolutionProperties) = preSolution
		HideSolutionNode = FALSE
	EndGlobalSection
	GlobalSection(ExtensibilityGlobals) = postSolution
		SolutionGuid = {D6121F46-6A25-480F-A0DF-65FF626EE7B3}
	EndGlobalSection
EndGlobal
